
Microsoft Visual Studio Solution File, Format Version 12.00
# Visual Studio Version 16
VisualStudioVersion = 16.0.30011.22
MinimumVisualStudioVersion = 10.0.40219.1
Project("{8BC9CEB8-8B4A-11D0-8D11-00A0C91BC942}") = "libgeometry", "libgeometry\libgeometry.vcxproj", "{E1D68B72-06C7-42FE-A8AD-F0F392CD1707}"
EndProject
Project("{8BC9CEB8-8B4A-11D0-8D11-00A0C91BC942}") = "geometry", "geometry\geometry.vcxproj", "{76B621C8-F685-4AFA-9280-B039B762768B}"
EndProject
Project("{8BC9CEB8-8B4A-11D0-8D11-00A0C91BC942}") = "libgeometry_test", "libgeometry_test\libgeometry_test.vcxproj", "{1C7423DA-113F-4483-A56B-4327C02FD5C7}"
EndProject
Global
	GlobalSection(SolutionConfigurationPlatforms) = preSolution
		Debug|x64 = Debug|x64
		Debug|x86 = Debug|x86
		Release|x64 = Release|x64
		Release|x86 = Release|x86
	EndGlobalSection
	GlobalSection(ProjectConfigurationPlatforms) = postSolution
		{E1D68B72-06C7-42FE-A8AD-F0F392CD1707}.Debug|x64.ActiveCfg = Debug|x64
		{E1D68B72-06C7-42FE-A8AD-F0F392CD1707}.Debug|x64.Build.0 = Debug|x64
		{E1D68B72-06C7-42FE-A8AD-F0F392CD1707}.Debug|x86.ActiveCfg = Debug|Win32
		{E1D68B72-06C7-42FE-A8AD-F0F392CD1707}.Debug|x86.Build.0 = Debug|Win32
		{E1D68B72-06C7-42FE-A8AD-F0F392CD1707}.Release|x64.ActiveCfg = Release|x64
		{E1D68B72-06C7-42FE-A8AD-F0F392CD1707}.Release|x64.Build.0 = Release|x64
		{E1D68B72-06C7-42FE-A8AD-F0F392CD1707}.Release|x86.ActiveCfg = Release|Win32
		{E1D68B72-06C7-42FE-A8AD-F0F392CD1707}.Release|x86.Build.0 = Release|Win32
		{76B621C8-F685-4AFA-9280-B039B762768B}.Debug|x64.ActiveCfg = Debug|x64
		{76B621C8-F685-4AFA-9280-B039B762768B}.Debug|x64.Build.0 = Debug|x64
		{76B621C8-F685-4AFA-9280-B039B762768B}.Debug|x86.ActiveCfg = Debug|Win32
		{76B621C8-F685-4AFA-9280-B039B762768B}.Debug|x86.Build.0 = Debug|Win32
		{76B621C8-F685-4AFA-9280-B039B762768B}.Release|x64.ActiveCfg = Release|x64
		{76B621C8-F685-4AFA-9280-B039B762768B}.Release|x64.Build.0 = Release|x64
		{76B621C8-F685-4AFA-9280-B039B762768B}.Release|x86.ActiveCfg = Release|Win32
		{76B621C8-F685-4AFA-9280-B039B762768B}.Release|x86.Build.0 = Release|Win32
		{1C7423DA-113F-4483-A56B-4327C02FD5C7}.Debug|x64.ActiveCfg = Debug|x64
		{1C7423DA-113F-4483-A56B-4327C02FD5C7}.Debug|x64.Build.0 = Debug|x64
		{1C7423DA-113F-4483-A56B-4327C02FD5C7}.Debug|x86.ActiveCfg = Debug|Win32
		{1C7423DA-113F-4483-A56B-4327C02FD5C7}.Debug|x86.Build.0 = Debug|Win32
		{1C7423DA-113F-4483-A56B-4327C02FD5C7}.Release|x64.ActiveCfg = Release|x64
		{1C7423DA-113F-4483-A56B-4327C02FD5C7}.Release|x64.Build.0 = Release|x64
		{1C7423DA-113F-4483-A56B-4327C02FD5C7}.Release|x86.ActiveCfg = Release|Win32
		{1C7423DA-113F-4483-A56B-4327C02FD5C7}.Release|x86.Build.0 = Release|Win32
	EndGlobalSection
	GlobalSection(SolutionProperties) = preSolution
		HideSolutionNode = FALSE
	EndGlobalSection
	GlobalSection(ExtensibilityGlobals) = postSolution
		SolutionGuid = {96E5EBA2-33C2-4C69-AF21-1341F69A0C4A}
	EndGlobalSection
EndGlobal
